
Microsoft Visual Studio Solution File, Format Version 12.00
Project("{FAE04EC0-301F-11D3-BF4B-00C04F79EFBC}") = "Mediator", "Mediator\Mediator.csproj", "{36AE5344-9F29-431A-824D-0EEB56F8D6C6}"
EndProject
Project("{FAE04EC0-301F-11D3-BF4B-00C04F79EFBC}") = "Mediator.SourceGenerator", "Mediator.SourceGenerator\Mediator.SourceGenerator\Mediator.SourceGenerator.csproj", "{1DE5E9EC-CD62-4995-A6E7-3C2E90D5159C}"
EndProject
Project("{FAE04EC0-301F-11D3-BF4B-00C04F79EFBC}") = "NativeAOTWebApi", "NativeAOTWebApi\NativeAOTWebApi.csproj", "{A36C3182-4D40-4E36-A16D-3B14E982BA1C}"
EndProject
Project("{FAE04EC0-301F-11D3-BF4B-00C04F79EFBC}") = "TestReceivers", "TestReceivers\TestReceivers.csproj", "{0EBB031D-F9F3-48AD-97A3-531521C6388A}"
EndProject
Project("{2150E333-8FDC-42A3-9474-1A3956D46DE8}") = "Mediator", "Mediator", "{F11768AC-DCBF-4586-ABF4-EFDDC0B3FE61}"
EndProject
Project("{FAE04EC0-301F-11D3-BF4B-00C04F79EFBC}") = "Mediator.UnitTests", "Mediator.UnitTests\Mediator.UnitTests.csproj", "{FB5F2C6A-A566-4D1C-B62E-AC154F12B2FC}"
EndProject
Project("{FAE04EC0-301F-11D3-BF4B-00C04F79EFBC}") = "NativeAOTWebApi.Tests", "NativeAOTWebApi.Tests\NativeAOTWebApi.Tests.csproj", "{1AF600B8-3BB1-4680-84BA-3C8222C7121F}"
EndProject
Project("{2150E333-8FDC-42A3-9474-1A3956D46DE8}") = "SourceGenerator", "SourceGenerator", "{E91D16A6-A99F-45C9-A65F-48FB1BC2C64B}"
EndProject
Project("{FAE04EC0-301F-11D3-BF4B-00C04F79EFBC}") = "Mediator.SourceGenerator.Tests", "Mediator.SourceGenerator.Tests\Mediator.SourceGenerator.Tests.csproj", "{C989CFA7-164E-4385-B6ED-5A78D8B75E17}"
EndProject
Global
	GlobalSection(SolutionConfigurationPlatforms) = preSolution
		Debug|Any CPU = Debug|Any CPU
		Release|Any CPU = Release|Any CPU
	EndGlobalSection
	GlobalSection(ProjectConfigurationPlatforms) = postSolution
		{36AE5344-9F29-431A-824D-0EEB56F8D6C6}.Debug|Any CPU.ActiveCfg = Debug|Any CPU
		{36AE5344-9F29-431A-824D-0EEB56F8D6C6}.Debug|Any CPU.Build.0 = Debug|Any CPU
		{36AE5344-9F29-431A-824D-0EEB56F8D6C6}.Release|Any CPU.ActiveCfg = Release|Any CPU
		{36AE5344-9F29-431A-824D-0EEB56F8D6C6}.Release|Any CPU.Build.0 = Release|Any CPU
		{1DE5E9EC-CD62-4995-A6E7-3C2E90D5159C}.Debug|Any CPU.ActiveCfg = Debug|Any CPU
		{1DE5E9EC-CD62-4995-A6E7-3C2E90D5159C}.Debug|Any CPU.Build.0 = Debug|Any CPU
		{1DE5E9EC-CD62-4995-A6E7-3C2E90D5159C}.Release|Any CPU.ActiveCfg = Release|Any CPU
		{1DE5E9EC-CD62-4995-A6E7-3C2E90D5159C}.Release|Any CPU.Build.0 = Release|Any CPU
		{A36C3182-4D40-4E36-A16D-3B14E982BA1C}.Debug|Any CPU.ActiveCfg = Debug|Any CPU
		{A36C3182-4D40-4E36-A16D-3B14E982BA1C}.Debug|Any CPU.Build.0 = Debug|Any CPU
		{A36C3182-4D40-4E36-A16D-3B14E982BA1C}.Release|Any CPU.ActiveCfg = Release|Any CPU
		{A36C3182-4D40-4E36-A16D-3B14E982BA1C}.Release|Any CPU.Build.0 = Release|Any CPU
		{0EBB031D-F9F3-48AD-97A3-531521C6388A}.Debug|Any CPU.ActiveCfg = Debug|Any CPU
		{0EBB031D-F9F3-48AD-97A3-531521C6388A}.Debug|Any CPU.Build.0 = Debug|Any CPU
		{0EBB031D-F9F3-48AD-97A3-531521C6388A}.Release|Any CPU.ActiveCfg = Release|Any CPU
		{0EBB031D-F9F3-48AD-97A3-531521C6388A}.Release|Any CPU.Build.0 = Release|Any CPU
		{FB5F2C6A-A566-4D1C-B62E-AC154F12B2FC}.Debug|Any CPU.ActiveCfg = Debug|Any CPU
		{FB5F2C6A-A566-4D1C-B62E-AC154F12B2FC}.Debug|Any CPU.Build.0 = Debug|Any CPU
		{FB5F2C6A-A566-4D1C-B62E-AC154F12B2FC}.Release|Any CPU.ActiveCfg = Release|Any CPU
		{FB5F2C6A-A566-4D1C-B62E-AC154F12B2FC}.Release|Any CPU.Build.0 = Release|Any CPU
		{1AF600B8-3BB1-4680-84BA-3C8222C7121F}.Debug|Any CPU.ActiveCfg = Debug|Any CPU
		{1AF600B8-3BB1-4680-84BA-3C8222C7121F}.Debug|Any CPU.Build.0 = Debug|Any CPU
		{1AF600B8-3BB1-4680-84BA-3C8222C7121F}.Release|Any CPU.ActiveCfg = Release|Any CPU
		{1AF600B8-3BB1-4680-84BA-3C8222C7121F}.Release|Any CPU.Build.0 = Release|Any CPU
		{C989CFA7-164E-4385-B6ED-5A78D8B75E17}.Debug|Any CPU.ActiveCfg = Debug|Any CPU
		{C989CFA7-164E-4385-B6ED-5A78D8B75E17}.Debug|Any CPU.Build.0 = Debug|Any CPU
		{C989CFA7-164E-4385-B6ED-5A78D8B75E17}.Release|Any CPU.ActiveCfg = Release|Any CPU
		{C989CFA7-164E-4385-B6ED-5A78D8B75E17}.Release|Any CPU.Build.0 = Release|Any CPU
	EndGlobalSection
	GlobalSection(NestedProjects) = preSolution
		{36AE5344-9F29-431A-824D-0EEB56F8D6C6} = {F11768AC-DCBF-4586-ABF4-EFDDC0B3FE61}
		{0EBB031D-F9F3-48AD-97A3-531521C6388A} = {F11768AC-DCBF-4586-ABF4-EFDDC0B3FE61}
		{FB5F2C6A-A566-4D1C-B62E-AC154F12B2FC} = {F11768AC-DCBF-4586-ABF4-EFDDC0B3FE61}
		{E91D16A6-A99F-45C9-A65F-48FB1BC2C64B} = {F11768AC-DCBF-4586-ABF4-EFDDC0B3FE61}
		{1DE5E9EC-CD62-4995-A6E7-3C2E90D5159C} = {E91D16A6-A99F-45C9-A65F-48FB1BC2C64B}
		{C989CFA7-164E-4385-B6ED-5A78D8B75E17} = {E91D16A6-A99F-45C9-A65F-48FB1BC2C64B}
	EndGlobalSection
EndGlobal
